
Microsoft Visual Studio Solution File, Format Version 12.00
# Visual Studio Version 16
VisualStudioVersion = 16.0.31025.218
MinimumVisualStudioVersion = 10.0.40219.1
Project("{FAE04EC0-301F-11D3-BF4B-00C04F79EFBC}") = "GlanceScreen", "src\Settings\GlanceScreen.csproj", "{52B95F7E-6532-4401-9991-06B1A158EF59}"
EndProject
Project("{8BC9CEB8-8B4A-11D0-8D11-00A0C91BC942}") = "RegistryRT", "src\RegistryRT\RegistryRT.vcxproj", "{84A7225C-2DAF-410D-AB85-282AB220A89F}"
EndProject
Project("{8BC9CEB8-8B4A-11D0-8D11-00A0C91BC942}") = "A32To64PanelIntTranslator", "src\Translator\A32To64PanelIntTranslator.vcxproj", "{A98C3B9B-955F-46FA-A7D7-1C1F5CBAA63C}"
EndProject
Project("{8BC9CEB8-8B4A-11D0-8D11-00A0C91BC942}") = "GlanceTest", "src\GlanceTest\GlanceTest.vcxproj", "{730171FA-FD3A-4645-8D60-110451487FBF}"
EndProject
Project("{8BC9CEB8-8B4A-11D0-8D11-00A0C91BC942}") = "ETLWrapper", "src\ETLWrapper\ETLWrapper.vcxproj", "{0A11256F-3EAF-4EBF-9148-FE453CD9FBEC}"
EndProject
Project("{8BC9CEB8-8B4A-11D0-8D11-00A0C91BC942}") = "shellchromeapi", "src\ShellChromeWrapper\shellchromeapi.vcxproj", "{1E47B293-A815-4C20-B87D-58905DBECAB3}"
EndProject
Global
	GlobalSection(SolutionConfigurationPlatforms) = preSolution
		Debug|ARM = Debug|ARM
		Debug|ARM64 = Debug|ARM64
		Debug|x64 = Debug|x64
		Debug|x86 = Debug|x86
		Release|ARM = Release|ARM
		Release|ARM64 = Release|ARM64
		Release|x64 = Release|x64
		Release|x86 = Release|x86
	EndGlobalSection
	GlobalSection(ProjectConfigurationPlatforms) = postSolution
		{52B95F7E-6532-4401-9991-06B1A158EF59}.Debug|ARM.ActiveCfg = Debug|ARM
		{52B95F7E-6532-4401-9991-06B1A158EF59}.Debug|ARM.Build.0 = Debug|ARM
		{52B95F7E-6532-4401-9991-06B1A158EF59}.Debug|ARM.Deploy.0 = Debug|ARM
		{52B95F7E-6532-4401-9991-06B1A158EF59}.Debug|ARM64.ActiveCfg = Debug|ARM64
		{52B95F7E-6532-4401-9991-06B1A158EF59}.Debug|ARM64.Build.0 = Debug|ARM64
		{52B95F7E-6532-4401-9991-06B1A158EF59}.Debug|ARM64.Deploy.0 = Debug|ARM64
		{52B95F7E-6532-4401-9991-06B1A158EF59}.Debug|x64.ActiveCfg = Debug|x64
		{52B95F7E-6532-4401-9991-06B1A158EF59}.Debug|x64.Build.0 = Debug|x64
		{52B95F7E-6532-4401-9991-06B1A158EF59}.Debug|x64.Deploy.0 = Debug|x64
		{52B95F7E-6532-4401-9991-06B1A158EF59}.Debug|x86.ActiveCfg = Debug|x86
		{52B95F7E-6532-4401-9991-06B1A158EF59}.Debug|x86.Build.0 = Debug|x86
		{52B95F7E-6532-4401-9991-06B1A158EF59}.Debug|x86.Deploy.0 = Debug|x86
		{52B95F7E-6532-4401-9991-06B1A158EF59}.Release|ARM.ActiveCfg = Release|ARM
		{52B95F7E-6532-4401-9991-06B1A158EF59}.Release|ARM.Build.0 = Release|ARM
		{52B95F7E-6532-4401-9991-06B1A158EF59}.Release|ARM.Deploy.0 = Release|ARM
		{52B95F7E-6532-4401-9991-06B1A158EF59}.Release|ARM64.ActiveCfg = Release|ARM64
		{52B95F7E-6532-4401-9991-06B1A158EF59}.Release|ARM64.Build.0 = Release|ARM64
		{52B95F7E-6532-4401-9991-06B1A158EF59}.Release|ARM64.Deploy.0 = Release|ARM64
		{52B95F7E-6532-4401-9991-06B1A158EF59}.Release|x64.ActiveCfg = Release|x64
		{52B95F7E-6532-4401-9991-06B1A158EF59}.Release|x64.Build.0 = Release|x64
		{52B95F7E-6532-4401-9991-06B1A158EF59}.Release|x64.Deploy.0 = Release|x64
		{52B95F7E-6532-4401-9991-06B1A158EF59}.Release|x86.ActiveCfg = Release|x86
		{52B95F7E-6532-4401-9991-06B1A158EF59}.Release|x86.Build.0 = Release|x86
		{52B95F7E-6532-4401-9991-06B1A158EF59}.Release|x86.Deploy.0 = Release|x86
		{84A7225C-2DAF-410D-AB85-282AB220A89F}.Debug|ARM.ActiveCfg = Debug|ARM
		{84A7225C-2DAF-410D-AB85-282AB220A89F}.Debug|ARM.Build.0 = Debug|ARM
		{84A7225C-2DAF-410D-AB85-282AB220A89F}.Debug|ARM64.ActiveCfg = Debug|ARM64
		{84A7225C-2DAF-410D-AB85-282AB220A89F}.Debug|ARM64.Build.0 = Debug|ARM64
		{84A7225C-2DAF-410D-AB85-282AB220A89F}.Debug|x64.ActiveCfg = Debug|x64
		{84A7225C-2DAF-410D-AB85-282AB220A89F}.Debug|x64.Build.0 = Debug|x64
		{84A7225C-2DAF-410D-AB85-282AB220A89F}.Debug|x86.ActiveCfg = Debug|Win32
		{84A7225C-2DAF-410D-AB85-282AB220A89F}.Debug|x86.Build.0 = Debug|Win32
		{84A7225C-2DAF-410D-AB85-282AB220A89F}.Release|ARM.ActiveCfg = Release|ARM
		{84A7225C-2DAF-410D-AB85-282AB220A89F}.Release|ARM.Build.0 = Release|ARM
		{84A7225C-2DAF-410D-AB85-282AB220A89F}.Release|ARM64.ActiveCfg = Release|ARM64
		{84A7225C-2DAF-410D-AB85-282AB220A89F}.Release|ARM64.Build.0 = Release|ARM64
		{84A7225C-2DAF-410D-AB85-282AB220A89F}.Release|x64.ActiveCfg = Release|x64
		{84A7225C-2DAF-410D-AB85-282AB220A89F}.Release|x64.Build.0 = Release|x64
		{84A7225C-2DAF-410D-AB85-282AB220A89F}.Release|x86.ActiveCfg = Release|Win32
		{84A7225C-2DAF-410D-AB85-282AB220A89F}.Release|x86.Build.0 = Release|Win32
		{A98C3B9B-955F-46FA-A7D7-1C1F5CBAA63C}.Debug|ARM.ActiveCfg = Debug|ARM
		{A98C3B9B-955F-46FA-A7D7-1C1F5CBAA63C}.Debug|ARM.Build.0 = Debug|ARM
		{A98C3B9B-955F-46FA-A7D7-1C1F5CBAA63C}.Debug|ARM64.ActiveCfg = Debug|Win32
		{A98C3B9B-955F-46FA-A7D7-1C1F5CBAA63C}.Debug|x64.ActiveCfg = Debug|x64
		{A98C3B9B-955F-46FA-A7D7-1C1F5CBAA63C}.Debug|x64.Build.0 = Debug|x64
		{A98C3B9B-955F-46FA-A7D7-1C1F5CBAA63C}.Debug|x86.ActiveCfg = Debug|Win32
		{A98C3B9B-955F-46FA-A7D7-1C1F5CBAA63C}.Debug|x86.Build.0 = Debug|Win32
		{A98C3B9B-955F-46FA-A7D7-1C1F5CBAA63C}.Release|ARM.ActiveCfg = Release|ARM
		{A98C3B9B-955F-46FA-A7D7-1C1F5CBAA63C}.Release|ARM.Build.0 = Release|ARM
		{A98C3B9B-955F-46FA-A7D7-1C1F5CBAA63C}.Release|ARM64.ActiveCfg = Release|Win32
		{A98C3B9B-955F-46FA-A7D7-1C1F5CBAA63C}.Release|x64.ActiveCfg = Release|x64
		{A98C3B9B-955F-46FA-A7D7-1C1F5CBAA63C}.Release|x64.Build.0 = Release|x64
		{A98C3B9B-955F-46FA-A7D7-1C1F5CBAA63C}.Release|x86.ActiveCfg = Release|Win32
		{A98C3B9B-955F-46FA-A7D7-1C1F5CBAA63C}.Release|x86.Build.0 = Release|Win32
		{730171FA-FD3A-4645-8D60-110451487FBF}.Debug|ARM.ActiveCfg = Debug|ARM
		{730171FA-FD3A-4645-8D60-110451487FBF}.Debug|ARM.Build.0 = Debug|ARM
		{730171FA-FD3A-4645-8D60-110451487FBF}.Debug|ARM64.ActiveCfg = Debug|ARM64
		{730171FA-FD3A-4645-8D60-110451487FBF}.Debug|ARM64.Build.0 = Debug|ARM64
		{730171FA-FD3A-4645-8D60-110451487FBF}.Debug|x64.ActiveCfg = Debug|x64
		{730171FA-FD3A-4645-8D60-110451487FBF}.Debug|x64.Build.0 = Debug|x64
		{730171FA-FD3A-4645-8D60-110451487FBF}.Debug|x86.ActiveCfg = Debug|Win32
		{730171FA-FD3A-4645-8D60-110451487FBF}.Debug|x86.Build.0 = Debug|Win32
		{730171FA-FD3A-4645-8D60-110451487FBF}.Release|ARM.ActiveCfg = Release|ARM
		{730171FA-FD3A-4645-8D60-110451487FBF}.Release|ARM.Build.0 = Release|ARM
		{730171FA-FD3A-4645-8D60-110451487FBF}.Release|ARM64.ActiveCfg = Release|ARM64
		{730171FA-FD3A-4645-8D60-110451487FBF}.Release|ARM64.Build.0 = Release|ARM64
		{730171FA-FD3A-4645-8D60-110451487FBF}.Release|x64.ActiveCfg = Release|x64
		{730171FA-FD3A-4645-8D60-110451487FBF}.Release|x64.Build.0 = Release|x64
		{730171FA-FD3A-4645-8D60-110451487FBF}.Release|x86.ActiveCfg = Release|Win32
		{730171FA-FD3A-4645-8D60-110451487FBF}.Release|x86.Build.0 = Release|Win32
		{0A11256F-3EAF-4EBF-9148-FE453CD9FBEC}.Debug|ARM.ActiveCfg = Debug|ARM
		{0A11256F-3EAF-4EBF-9148-FE453CD9FBEC}.Debug|ARM.Build.0 = Debug|ARM
		{0A11256F-3EAF-4EBF-9148-FE453CD9FBEC}.Debug|ARM64.ActiveCfg = Debug|Win32
		{0A11256F-3EAF-4EBF-9148-FE453CD9FBEC}.Debug|x64.ActiveCfg = Debug|x64
		{0A11256F-3EAF-4EBF-9148-FE453CD9FBEC}.Debug|x64.Build.0 = Debug|x64
		{0A11256F-3EAF-4EBF-9148-FE453CD9FBEC}.Debug|x86.ActiveCfg = Debug|Win32
		{0A11256F-3EAF-4EBF-9148-FE453CD9FBEC}.Debug|x86.Build.0 = Debug|Win32
		{0A11256F-3EAF-4EBF-9148-FE453CD9FBEC}.Release|ARM.ActiveCfg = Release|ARM
		{0A11256F-3EAF-4EBF-9148-FE453CD9FBEC}.Release|ARM.Build.0 = Release|ARM
		{0A11256F-3EAF-4EBF-9148-FE453CD9FBEC}.Release|ARM64.ActiveCfg = Release|Win32
		{0A11256F-3EAF-4EBF-9148-FE453CD9FBEC}.Release|x64.ActiveCfg = Release|x64
		{0A11256F-3EAF-4EBF-9148-FE453CD9FBEC}.Release|x64.Build.0 = Release|x64
		{0A11256F-3EAF-4EBF-9148-FE453CD9FBEC}.Release|x86.ActiveCfg = Release|Win32
		{0A11256F-3EAF-4EBF-9148-FE453CD9FBEC}.Release|x86.Build.0 = Release|Win32
		{1E47B293-A815-4C20-B87D-58905DBECAB3}.Debug|ARM.ActiveCfg = Debug|ARM
		{1E47B293-A815-4C20-B87D-58905DBECAB3}.Debug|ARM.Build.0 = Debug|ARM
		{1E47B293-A815-4C20-B87D-58905DBECAB3}.Debug|ARM64.ActiveCfg = Debug|ARM64
		{1E47B293-A815-4C20-B87D-58905DBECAB3}.Debug|ARM64.Build.0 = Debug|ARM64
		{1E47B293-A815-4C20-B87D-58905DBECAB3}.Debug|x64.ActiveCfg = Debug|x64
		{1E47B293-A815-4C20-B87D-58905DBECAB3}.Debug|x64.Build.0 = Debug|x64
		{1E47B293-A815-4C20-B87D-58905DBECAB3}.Debug|x86.ActiveCfg = Debug|Win32
		{1E47B293-A815-4C20-B87D-58905DBECAB3}.Debug|x86.Build.0 = Debug|Win32
		{1E47B293-A815-4C20-B87D-58905DBECAB3}.Release|ARM.ActiveCfg = Release|ARM
		{1E47B293-A815-4C20-B87D-58905DBECAB3}.Release|ARM.Build.0 = Release|ARM
		{1E47B293-A815-4C20-B87D-58905DBECAB3}.Release|ARM64.ActiveCfg = Release|ARM64
		{1E47B293-A815-4C20-B87D-58905DBECAB3}.Release|ARM64.Build.0 = Release|ARM64
		{1E47B293-A815-4C20-B87D-58905DBECAB3}.Release|x64.ActiveCfg = Release|x64
		{1E47B293-A815-4C20-B87D-58905DBECAB3}.Release|x64.Build.0 = Release|x64
		{1E47B293-A815-4C20-B87D-58905DBECAB3}.Release|x86.ActiveCfg = Release|Win32
		{1E47B293-A815-4C20-B87D-58905DBECAB3}.Release|x86.Build.0 = Release|Win32
	EndGlobalSection
	GlobalSection(SolutionProperties) = preSolution
		HideSolutionNode = FALSE
	EndGlobalSection
	GlobalSection(ExtensibilityGlobals) = postSolution
		SolutionGuid = {B631DDB9-CE33-4FB3-9EEA-197704B8DDCB}
	EndGlobalSection
EndGlobal
